
Microsoft Visual Studio Solution File, Format Version 12.00
# Visual Studio Version 16
VisualStudioVersion = 16.0.28803.202
MinimumVisualStudioVersion = 10.0.40219.1
Project("{FAE04EC0-301F-11D3-BF4B-00C04F79EFBC}") = "InteractivePictureBox", "InteractivePictureBox\InteractivePictureBox.csproj", "{404F9A3F-23E6-411C-8EC1-27F0D59D71D6}"
EndProject
Project("{FAE04EC0-301F-11D3-BF4B-00C04F79EFBC}") = "Test", "Test\Test.csproj", "{A878210F-E5FC-42EA-B441-4870D4DC7F5E}"
EndProject
Global
	GlobalSection(SolutionConfigurationPlatforms) = preSolution
		Debug|Any CPU = Debug|Any CPU
		Release|Any CPU = Release|Any CPU
	EndGlobalSection
	GlobalSection(ProjectConfigurationPlatforms) = postSolution
		{404F9A3F-23E6-411C-8EC1-27F0D59D71D6}.Debug|Any CPU.ActiveCfg = Debug|Any CPU
		{404F9A3F-23E6-411C-8EC1-27F0D59D71D6}.Debug|Any CPU.Build.0 = Debug|Any CPU
		{404F9A3F-23E6-411C-8EC1-27F0D59D71D6}.Release|Any CPU.ActiveCfg = Release|Any CPU
		{404F9A3F-23E6-411C-8EC1-27F0D59D71D6}.Release|Any CPU.Build.0 = Release|Any CPU
		{A878210F-E5FC-42EA-B441-4870D4DC7F5E}.Debug|Any CPU.ActiveCfg = Debug|Any CPU
		{A878210F-E5FC-42EA-B441-4870D4DC7F5E}.Debug|Any CPU.Build.0 = Debug|Any CPU
		{A878210F-E5FC-42EA-B441-4870D4DC7F5E}.Release|Any CPU.ActiveCfg = Release|Any CPU
		{A878210F-E5FC-42EA-B441-4870D4DC7F5E}.Release|Any CPU.Build.0 = Release|Any CPU
	EndGlobalSection
	GlobalSection(SolutionProperties) = preSolution
		HideSolutionNode = FALSE
	EndGlobalSection
	GlobalSection(ExtensibilityGlobals) = postSolution
		SolutionGuid = {0805B2EE-B029-409C-9852-0553FDED3BE2}
	EndGlobalSection
EndGlobal
